
Microsoft Visual Studio Solution File, Format Version 12.00
# Visual Studio Version 16
VisualStudioVersion = 16.0.29215.179
MinimumVisualStudioVersion = 10.0.40219.1
Project("{FAE04EC0-301F-11D3-BF4B-00C04F79EFBC}") = "CountingEggs", "CountingEggs\CountingEggs.csproj", "{90413448-4C77-498D-B91C-316FFA598101}"
EndProject
Global
	GlobalSection(SolutionConfigurationPlatforms) = preSolution
		Debug|Any CPU = Debug|Any CPU
		Release|Any CPU = Release|Any CPU
	EndGlobalSection
	GlobalSection(ProjectConfigurationPlatforms) = postSolution
		{90413448-4C77-498D-B91C-316FFA598101}.Debug|Any CPU.ActiveCfg = Debug|Any CPU
		{90413448-4C77-498D-B91C-316FFA598101}.Debug|Any CPU.Build.0 = Debug|Any CPU
		{90413448-4C77-498D-B91C-316FFA598101}.Release|Any CPU.ActiveCfg = Release|Any CPU
		{90413448-4C77-498D-B91C-316FFA598101}.Release|Any CPU.Build.0 = Release|Any CPU
	EndGlobalSection
	GlobalSection(SolutionProperties) = preSolution
		HideSolutionNode = FALSE
	EndGlobalSection
	GlobalSection(ExtensibilityGlobals) = postSolution
		SolutionGuid = {B6B142D9-5028-4C00-824D-0BFC980A6A69}
	EndGlobalSection
EndGlobal
